// !$*UTF8*$!
{
	archiveVersion = 1;
	classes = {
	};
	objectVersion = 46;
	objects = {

/* Begin PBXBuildFile section */
		F309949A19CA184C000D6259 /* ContextSettings.hpp in Headers */ = {isa = PBXBuildFile; fileRef = F309948C19CA184C000D6259 /* ContextSettings.hpp */; };
		F309949B19CA184C000D6259 /* Context.cpp in Sources */ = {isa = PBXBuildFile; fileRef = F309948E19CA184C000D6259 /* Context.cpp */; };
		F309949C19CA184C000D6259 /* Context.hpp in Headers */ = {isa = PBXBuildFile; fileRef = F309948F19CA184C000D6259 /* Context.hpp */; };
		F309949D19CA184C000D6259 /* Resource.cpp in Sources */ = {isa = PBXBuildFile; fileRef = F309949019CA184C000D6259 /* Resource.cpp */; };
		F309949E19CA184C000D6259 /* Resource.hpp in Headers */ = {isa = PBXBuildFile; fileRef = F309949119CA184C000D6259 /* Resource.hpp */; };
		F309949F19CA184C000D6259 /* VideoMode.cpp in Sources */ = {isa = PBXBuildFile; fileRef = F309949319CA184C000D6259 /* VideoMode.cpp */; };
		F30994A119CA184C000D6259 /* Window.cpp in Sources */ = {isa = PBXBuildFile; fileRef = F309949519CA184C000D6259 /* Window.cpp */; };
		F30994A219CA184C000D6259 /* Window.hpp in Headers */ = {isa = PBXBuildFile; fileRef = F309949619CA184C000D6259 /* Window.hpp */; };
		F30994A319CA184C000D6259 /* WindowHandle.hpp in Headers */ = {isa = PBXBuildFile; fileRef = F309949719CA184C000D6259 /* WindowHandle.hpp */; };
		F30994A419CA184C000D6259 /* WindowStyle.hpp in Headers */ = {isa = PBXBuildFile; fileRef = F309949819CA184C000D6259 /* WindowStyle.hpp */; };
		F30994A519CA184C000D6259 /* Window.hpp in Headers */ = {isa = PBXBuildFile; fileRef = F309949919CA184C000D6259 /* Window.hpp */; };
		F30994BF19CA1888000D6259 /* WindowHandle.hpp in Headers */ = {isa = PBXBuildFile; fileRef = F30994B619CA1888000D6259 /* WindowHandle.hpp */; };
		F30994C219CA18DE000D6259 /* WindowHandle.hpp in Headers */ = {isa = PBXBuildFile; fileRef = F30994C119CA18DE000D6259 /* WindowHandle.hpp */; };
		F30994C519CA18EF000D6259 /* ThreadLocalPtr.hpp in Headers */ = {isa = PBXBuildFile; fileRef = F30994C319CA18EF000D6259 /* ThreadLocalPtr.hpp */; };
		F30994D019CA1F65000D6259 /* WindowImp.cpp in Sources */ = {isa = PBXBuildFile; fileRef = F30994CE19CA1F65000D6259 /* WindowImp.cpp */; };
		F30994D119CA1F65000D6259 /* WindowImp.hpp in Headers */ = {isa = PBXBuildFile; fileRef = F30994CF19CA1F65000D6259 /* WindowImp.hpp */; };
		F30B07B819CE01F800E3DC54 /* Controller.hpp in Headers */ = {isa = PBXBuildFile; fileRef = F30B07B319CE01F800E3DC54 /* Controller.hpp */; };
		F30B07B919CE01F800E3DC54 /* Controller.mm in Sources */ = {isa = PBXBuildFile; fileRef = F30B07B419CE01F800E3DC54 /* Controller.mm */; };
		F30B07BA19CE01F800E3DC54 /* DelegateProtocol.hpp in Headers */ = {isa = PBXBuildFile; fileRef = F30B07B519CE01F800E3DC54 /* DelegateProtocol.hpp */; };
		F30B07BB19CE01F800E3DC54 /* WindowOS.hpp in Headers */ = {isa = PBXBuildFile; fileRef = F30B07B619CE01F800E3DC54 /* WindowOS.hpp */; };
		F30B07BC19CE01F800E3DC54 /* WindowOS.mm in Sources */ = {isa = PBXBuildFile; fileRef = F30B07B719CE01F800E3DC54 /* WindowOS.mm */; };
		F30B07CF19CE021300E3DC54 /* Application.hpp in Headers */ = {isa = PBXBuildFile; fileRef = F30B07BE19CE021300E3DC54 /* Application.hpp */; };
		F30B07D019CE021300E3DC54 /* Application.mm in Sources */ = {isa = PBXBuildFile; fileRef = F30B07BF19CE021300E3DC54 /* Application.mm */; };
		F30B07D119CE021300E3DC54 /* Controller.hpp in Headers */ = {isa = PBXBuildFile; fileRef = F30B07C019CE021300E3DC54 /* Controller.hpp */; };
		F30B07D219CE021300E3DC54 /* Delegate.hpp in Headers */ = {isa = PBXBuildFile; fileRef = F30B07C119CE021300E3DC54 /* Delegate.hpp */; };
		F30B07D319CE021300E3DC54 /* Delegate.mm in Sources */ = {isa = PBXBuildFile; fileRef = F30B07C219CE021300E3DC54 /* Delegate.mm */; };
		F30B07D419CE021300E3DC54 /* OBJC.hpp in Headers */ = {isa = PBXBuildFile; fileRef = F30B07C419CE021300E3DC54 /* OBJC.hpp */; };
		F30B07D519CE021300E3DC54 /* OBJC.mm in Sources */ = {isa = PBXBuildFile; fileRef = F30B07C519CE021300E3DC54 /* OBJC.mm */; };
		F30B07D619CE021300E3DC54 /* HIDInputManager.hpp in Headers */ = {isa = PBXBuildFile; fileRef = F30B07C719CE021300E3DC54 /* HIDInputManager.hpp */; };
		F30B07D719CE021300E3DC54 /* Input.hpp in Headers */ = {isa = PBXBuildFile; fileRef = F30B07C819CE021300E3DC54 /* Input.hpp */; };
		F30B07D819CE021300E3DC54 /* Input.mm in Sources */ = {isa = PBXBuildFile; fileRef = F30B07C919CE021300E3DC54 /* Input.mm */; };
		F30B07D919CE021300E3DC54 /* KeyboardHelper.hpp in Headers */ = {isa = PBXBuildFile; fileRef = F30B07CA19CE021300E3DC54 /* KeyboardHelper.hpp */; };
		F30B07DA19CE021300E3DC54 /* KeyboardHelper.mm in Sources */ = {isa = PBXBuildFile; fileRef = F30B07CB19CE021300E3DC54 /* KeyboardHelper.mm */; };
		F30B07DB19CE021300E3DC54 /* AutoReleasePool.hpp in Headers */ = {isa = PBXBuildFile; fileRef = F30B07CD19CE021300E3DC54 /* AutoReleasePool.hpp */; };
		F30B07DC19CE021300E3DC54 /* AutoReleasePool.mm in Sources */ = {isa = PBXBuildFile; fileRef = F30B07CE19CE021300E3DC54 /* AutoReleasePool.mm */; };
		F30B07DF19CE033700E3DC54 /* Window.mm in Sources */ = {isa = PBXBuildFile; fileRef = F30B07DD19CE033700E3DC54 /* Window.mm */; };
		F30B07E019CE033700E3DC54 /* Window.hpp in Headers */ = {isa = PBXBuildFile; fileRef = F30B07DE19CE033700E3DC54 /* Window.hpp */; };
		F30B07E519CE34AC00E3DC54 /* Event.hpp in Headers */ = {isa = PBXBuildFile; fileRef = F30B07E319CE34AC00E3DC54 /* Event.hpp */; };
		F30B07E619CE34AC00E3DC54 /* InputImp.hpp in Headers */ = {isa = PBXBuildFile; fileRef = F30B07E419CE34AC00E3DC54 /* InputImp.hpp */; };
		F30B07EA19CF5FD000E3DC54 /* View.mm in Sources */ = {isa = PBXBuildFile; fileRef = F30B07E819CF5FD000E3DC54 /* View.mm */; };
		F30B07EB19CF5FD000E3DC54 /* View.hpp in Headers */ = {isa = PBXBuildFile; fileRef = F30B07E919CF5FD000E3DC54 /* View.hpp */; };
		F30B07EE19CF61EC00E3DC54 /* SilentResponder.mm in Sources */ = {isa = PBXBuildFile; fileRef = F30B07EC19CF61EC00E3DC54 /* SilentResponder.mm */; };
		F30B07EF19CF61EC00E3DC54 /* SilentResponder.hpp in Headers */ = {isa = PBXBuildFile; fileRef = F30B07ED19CF61EC00E3DC54 /* SilentResponder.hpp */; };
		F311F29219C3A9730057DF56 /* Errors.cpp in Sources */ = {isa = PBXBuildFile; fileRef = F311F29119C3A9730057DF56 /* Errors.cpp */; };
		F3A0946019C49E3D008DA61A /* Mutex.cpp in Sources */ = {isa = PBXBuildFile; fileRef = F3A0945519C49E3D008DA61A /* Mutex.cpp */; };
		F3A0946119C49E3D008DA61A /* Mutex.hpp in Headers */ = {isa = PBXBuildFile; fileRef = F3A0945619C49E3D008DA61A /* Mutex.hpp */; };
		F3A0946219C49E3D008DA61A /* Sleep.cpp in Sources */ = {isa = PBXBuildFile; fileRef = F3A0945819C49E3D008DA61A /* Sleep.cpp */; };
		F3A0946319C49E3D008DA61A /* Sleep.hpp in Headers */ = {isa = PBXBuildFile; fileRef = F3A0945919C49E3D008DA61A /* Sleep.hpp */; };
		F3A0946419C49E3D008DA61A /* Thread.cpp in Sources */ = {isa = PBXBuildFile; fileRef = F3A0945B19C49E3D008DA61A /* Thread.cpp */; };
		F3A0946519C49E3D008DA61A /* Thread.hpp in Headers */ = {isa = PBXBuildFile; fileRef = F3A0945C19C49E3D008DA61A /* Thread.hpp */; };
		F3A0946619C49E3D008DA61A /* ThreadLocal.cpp in Sources */ = {isa = PBXBuildFile; fileRef = F3A0945E19C49E3D008DA61A /* ThreadLocal.cpp */; };
		F3A0946719C49E3D008DA61A /* ThreadLocal.hpp in Headers */ = {isa = PBXBuildFile; fileRef = F3A0945F19C49E3D008DA61A /* ThreadLocal.hpp */; };
		F3A0948D19C77489008DA61A /* Lock.cpp in Sources */ = {isa = PBXBuildFile; fileRef = F3A0947E19C77489008DA61A /* Lock.cpp */; };
		F3A0948E19C77489008DA61A /* Lock.hpp in Headers */ = {isa = PBXBuildFile; fileRef = F3A0947F19C77489008DA61A /* Lock.hpp */; };
		F3A0948F19C77489008DA61A /* Mutex.cpp in Sources */ = {isa = PBXBuildFile; fileRef = F3A0948119C77489008DA61A /* Mutex.cpp */; };
		F3A0949019C77489008DA61A /* Mutex.hpp in Headers */ = {isa = PBXBuildFile; fileRef = F3A0948219C77489008DA61A /* Mutex.hpp */; };
		F3A0949119C77489008DA61A /* Sleep.cpp in Sources */ = {isa = PBXBuildFile; fileRef = F3A0948419C77489008DA61A /* Sleep.cpp */; };
		F3A0949219C77489008DA61A /* Sleep.hpp in Headers */ = {isa = PBXBuildFile; fileRef = F3A0948519C77489008DA61A /* Sleep.hpp */; };
		F3A0949319C77489008DA61A /* Thread.cpp in Sources */ = {isa = PBXBuildFile; fileRef = F3A0948719C77489008DA61A /* Thread.cpp */; };
		F3A0949419C77489008DA61A /* Thread.hpp in Headers */ = {isa = PBXBuildFile; fileRef = F3A0948819C77489008DA61A /* Thread.hpp */; };
		F3A0949519C77489008DA61A /* ThreadLocal.cpp in Sources */ = {isa = PBXBuildFile; fileRef = F3A0948B19C77489008DA61A /* ThreadLocal.cpp */; };
		F3A0949619C77489008DA61A /* ThreadLocal.hpp in Headers */ = {isa = PBXBuildFile; fileRef = F3A0948C19C77489008DA61A /* ThreadLocal.hpp */; };
		F3B23A1F19AE760C0064E08F /* libSQLite.dylib in Frameworks */ = {isa = PBXBuildFile; fileRef = F3B2CC1719A8DB3B0047830E /* libSQLite.dylib */; };
		F3B23A2319AE764E0064E08F /* ExceptionHandler.cpp in Sources */ = {isa = PBXBuildFile; fileRef = F3B2CB2819A8D5420047830E /* ExceptionHandler.cpp */; };
		F3B23A2419AE764E0064E08F /* FileHandler.cpp in Sources */ = {isa = PBXBuildFile; fileRef = F3B2CB2B19A8D5420047830E /* FileHandler.cpp */; };
		F3B23A2519AE764E0064E08F /* TextFileReader.cpp in Sources */ = {isa = PBXBuildFile; fileRef = F3B2CB2F19A8D5420047830E /* TextFileReader.cpp */; };
		F3B23A2619AE764E0064E08F /* TextFileWriter.cpp in Sources */ = {isa = PBXBuildFile; fileRef = F3B2CB3219A8D5420047830E /* TextFileWriter.cpp */; };
		F3B23A2719AE764E0064E08F /* FileUtils.cpp in Sources */ = {isa = PBXBuildFile; fileRef = F3E1074F19AB95EE006B821F /* FileUtils.cpp */; };
		F3B23A2819AE764E0064E08F /* Logger.cpp in Sources */ = {isa = PBXBuildFile; fileRef = F3B2CB3819A8D5420047830E /* Logger.cpp */; };
		F3B23A2A19AE764E0064E08F /* Simplex.cpp in Sources */ = {isa = PBXBuildFile; fileRef = F3B2CB3E19A8D5420047830E /* Simplex.cpp */; };
		F3B23A2B19AE764E0064E08F /* OS.cpp in Sources */ = {isa = PBXBuildFile; fileRef = F3B2CB4219A8D5420047830E /* OS.cpp */; };
		F3B23A2C19AE764E0064E08F /* OSX.mm in Sources */ = {isa = PBXBuildFile; fileRef = F3B2CB4719A8D5420047830E /* OSX.mm */; };
		F3B23A2D19AE764E0064E08F /* Singleton.cpp in Sources */ = {isa = PBXBuildFile; fileRef = F3B2CB4919A8D5420047830E /* Singleton.cpp */; };
		F3B23A2E19AE764E0064E08F /* String.cpp in Sources */ = {isa = PBXBuildFile; fileRef = F3B2CB5319A8D5420047830E /* String.cpp */; };
		F3B23A2F19AE764E0064E08F /* Time.cpp in Sources */ = {isa = PBXBuildFile; fileRef = F3B2CB5719A8D5420047830E /* Time.cpp */; };
		F3B23A3019AE764E0064E08F /* Utility.cpp in Sources */ = {isa = PBXBuildFile; fileRef = F3B2CB5A19A8D5420047830E /* Utility.cpp */; };
		F3B23A3319AE766D0064E08F /* buildNumber.hpp in Headers */ = {isa = PBXBuildFile; fileRef = F3B2CB2319A8D5420047830E /* buildNumber.hpp */; };
		F3B23A3519AE766D0064E08F /* ExceptionHandler.hpp in Headers */ = {isa = PBXBuildFile; fileRef = F3B2CB2919A8D5420047830E /* ExceptionHandler.hpp */; };
		F3B23A3619AE766D0064E08F /* FileHandler.hpp in Headers */ = {isa = PBXBuildFile; fileRef = F3B2CB2C19A8D5420047830E /* FileHandler.hpp */; };
		F3B23A3719AE766D0064E08F /* FileUtils.hpp in Headers */ = {isa = PBXBuildFile; fileRef = F3B2CB2D19A8D5420047830E /* FileUtils.hpp */; };
		F3B23A3819AE766D0064E08F /* TextFileReader.hpp in Headers */ = {isa = PBXBuildFile; fileRef = F3B2CB3019A8D5420047830E /* TextFileReader.hpp */; };
		F3B23A3919AE766D0064E08F /* TextFileWriter.hpp in Headers */ = {isa = PBXBuildFile; fileRef = F3B2CB3319A8D5420047830E /* TextFileWriter.hpp */; };
		F3B23A3A19AE766D0064E08F /* Logger.hpp in Headers */ = {isa = PBXBuildFile; fileRef = F3B2CB3919A8D5420047830E /* Logger.hpp */; };
		F3B23A3C19AE766D0064E08F /* Simplex.hpp in Headers */ = {isa = PBXBuildFile; fileRef = F3B2CB3F19A8D5420047830E /* Simplex.hpp */; };
		F3B23A3D19AE766D0064E08F /* nonWindows.hpp in Headers */ = {isa = PBXBuildFile; fileRef = F3B2CB4119A8D5420047830E /* nonWindows.hpp */; };
		F3B23A3E19AE766D0064E08F /* OS.hpp in Headers */ = {isa = PBXBuildFile; fileRef = F3B2CB4319A8D5420047830E /* OS.hpp */; };
		F3B23A3F19AE766D0064E08F /* OSLoad.hpp in Headers */ = {isa = PBXBuildFile; fileRef = F3B2CB4419A8D5420047830E /* OSLoad.hpp */; };
		F3B23A4019AE766D0064E08F /* OSX.hpp in Headers */ = {isa = PBXBuildFile; fileRef = F3B2CB4619A8D5420047830E /* OSX.hpp */; };
		F3B23A4119AE766D0064E08F /* Singleton.hpp in Headers */ = {isa = PBXBuildFile; fileRef = F3B2CB4A19A8D5420047830E /* Singleton.hpp */; };
		F3B23A4219AE766D0064E08F /* String.hpp in Headers */ = {isa = PBXBuildFile; fileRef = F3B2CB5419A8D5420047830E /* String.hpp */; };
		F3B23A4319AE766D0064E08F /* String.inl in Headers */ = {isa = PBXBuildFile; fileRef = F3B2CB5519A8D5420047830E /* String.inl */; };
		F3B23A4419AE766D0064E08F /* Time.hpp in Headers */ = {isa = PBXBuildFile; fileRef = F3B2CB5819A8D5420047830E /* Time.hpp */; };
		F3B23A4519AE766E0064E08F /* Utility.hpp in Headers */ = {isa = PBXBuildFile; fileRef = F3B2CB8A19A8D5790047830E /* Utility.hpp */; };
		F3B23BFD19B338630064E08F /* Threads.cpp in Sources */ = {isa = PBXBuildFile; fileRef = F3B23BFB19B338630064E08F /* Threads.cpp */; };
		F3B23BFE19B338630064E08F /* Threads.hpp in Headers */ = {isa = PBXBuildFile; fileRef = F3B23BFC19B338630064E08F /* Threads.hpp */; };
/* End PBXBuildFile section */

/* Begin PBXContainerItemProxy section */
		F3B23A1D19AE76040064E08F /* PBXContainerItemProxy */ = {
			isa = PBXContainerItemProxy;
			containerPortal = F3B2CC1219A8DB3B0047830E /* SQLite.xcodeproj */;
			proxyType = 1;
			remoteGlobalIDString = F3B23A0C19AE75170064E08F;
			remoteInfo = SQLite;
		};
		F3B2CC1619A8DB3B0047830E /* PBXContainerItemProxy */ = {
			isa = PBXContainerItemProxy;
			containerPortal = F3B2CC1219A8DB3B0047830E /* SQLite.xcodeproj */;
			proxyType = 2;
			remoteGlobalIDString = F3B2CC0419A8DAF40047830E;
			remoteInfo = SQLite;
		};
/* End PBXContainerItemProxy section */

/* Begin PBXFileReference section */
		F309948C19CA184C000D6259 /* ContextSettings.hpp */ = {isa = PBXFileReference; fileEncoding = 4; lastKnownFileType = sourcecode.cpp.h; path = ContextSettings.hpp; sourceTree = "<group>"; };
		F309948E19CA184C000D6259 /* Context.cpp */ = {isa = PBXFileReference; fileEncoding = 4; lastKnownFileType = sourcecode.cpp.cpp; path = Context.cpp; sourceTree = "<group>"; };
		F309948F19CA184C000D6259 /* Context.hpp */ = {isa = PBXFileReference; fileEncoding = 4; lastKnownFileType = sourcecode.cpp.h; path = Context.hpp; sourceTree = "<group>"; };
		F309949019CA184C000D6259 /* Resource.cpp */ = {isa = PBXFileReference; fileEncoding = 4; lastKnownFileType = sourcecode.cpp.cpp; path = Resource.cpp; sourceTree = "<group>"; };
		F309949119CA184C000D6259 /* Resource.hpp */ = {isa = PBXFileReference; fileEncoding = 4; lastKnownFileType = sourcecode.cpp.h; path = Resource.hpp; sourceTree = "<group>"; };
		F309949319CA184C000D6259 /* VideoMode.cpp */ = {isa = PBXFileReference; fileEncoding = 4; lastKnownFileType = sourcecode.cpp.cpp; path = VideoMode.cpp; sourceTree = "<group>"; };
		F309949419CA184C000D6259 /* VideoMode.hpp */ = {isa = PBXFileReference; fileEncoding = 4; lastKnownFileType = sourcecode.cpp.h; path = VideoMode.hpp; sourceTree = "<group>"; };
		F309949519CA184C000D6259 /* Window.cpp */ = {isa = PBXFileReference; fileEncoding = 4; lastKnownFileType = sourcecode.cpp.cpp; path = Window.cpp; sourceTree = "<group>"; };
		F309949619CA184C000D6259 /* Window.hpp */ = {isa = PBXFileReference; fileEncoding = 4; lastKnownFileType = sourcecode.cpp.h; path = Window.hpp; sourceTree = "<group>"; };
		F309949719CA184C000D6259 /* WindowHandle.hpp */ = {isa = PBXFileReference; fileEncoding = 4; lastKnownFileType = sourcecode.cpp.h; path = WindowHandle.hpp; sourceTree = "<group>"; };
		F309949819CA184C000D6259 /* WindowStyle.hpp */ = {isa = PBXFileReference; fileEncoding = 4; lastKnownFileType = sourcecode.cpp.h; path = WindowStyle.hpp; sourceTree = "<group>"; };
		F309949919CA184C000D6259 /* Window.hpp */ = {isa = PBXFileReference; fileEncoding = 4; lastKnownFileType = sourcecode.cpp.h; path = Window.hpp; sourceTree = "<group>"; };
		F30994A719CA185F000D6259 /* WindowHandle.hpp */ = {isa = PBXFileReference; fileEncoding = 4; lastKnownFileType = sourcecode.cpp.h; path = WindowHandle.hpp; sourceTree = "<group>"; };
		F30994AA19CA1888000D6259 /* Mutex.cpp */ = {isa = PBXFileReference; fileEncoding = 4; lastKnownFileType = sourcecode.cpp.cpp; path = Mutex.cpp; sourceTree = "<group>"; };
		F30994AB19CA1888000D6259 /* Mutex.hpp */ = {isa = PBXFileReference; fileEncoding = 4; lastKnownFileType = sourcecode.cpp.h; path = Mutex.hpp; sourceTree = "<group>"; };
		F30994AD19CA1888000D6259 /* Sleep.cpp */ = {isa = PBXFileReference; fileEncoding = 4; lastKnownFileType = sourcecode.cpp.cpp; path = Sleep.cpp; sourceTree = "<group>"; };
		F30994AE19CA1888000D6259 /* Sleep.hpp */ = {isa = PBXFileReference; fileEncoding = 4; lastKnownFileType = sourcecode.cpp.h; path = Sleep.hpp; sourceTree = "<group>"; };
		F30994B019CA1888000D6259 /* Thread.cpp */ = {isa = PBXFileReference; fileEncoding = 4; lastKnownFileType = sourcecode.cpp.cpp; path = Thread.cpp; sourceTree = "<group>"; };
		F30994B119CA1888000D6259 /* Thread.hpp */ = {isa = PBXFileReference; fileEncoding = 4; lastKnownFileType = sourcecode.cpp.h; path = Thread.hpp; sourceTree = "<group>"; };
		F30994B319CA1888000D6259 /* ThreadLocal.cpp */ = {isa = PBXFileReference; fileEncoding = 4; lastKnownFileType = sourcecode.cpp.cpp; path = ThreadLocal.cpp; sourceTree = "<group>"; };
		F30994B419CA1888000D6259 /* ThreadLocal.hpp */ = {isa = PBXFileReference; fileEncoding = 4; lastKnownFileType = sourcecode.cpp.h; path = ThreadLocal.hpp; sourceTree = "<group>"; };
		F30994B619CA1888000D6259 /* WindowHandle.hpp */ = {isa = PBXFileReference; fileEncoding = 4; lastKnownFileType = sourcecode.cpp.h; path = WindowHandle.hpp; sourceTree = "<group>"; };
		F30994C119CA18DE000D6259 /* WindowHandle.hpp */ = {isa = PBXFileReference; fileEncoding = 4; lastKnownFileType = sourcecode.cpp.h; path = WindowHandle.hpp; sourceTree = "<group>"; };
		F30994C319CA18EF000D6259 /* ThreadLocalPtr.hpp */ = {isa = PBXFileReference; fileEncoding = 4; lastKnownFileType = sourcecode.cpp.h; path = ThreadLocalPtr.hpp; sourceTree = "<group>"; };
		F30994C419CA18EF000D6259 /* ThreadLocalPtr.inl */ = {isa = PBXFileReference; fileEncoding = 4; lastKnownFileType = text; path = ThreadLocalPtr.inl; sourceTree = "<group>"; };
		F30994CE19CA1F65000D6259 /* WindowImp.cpp */ = {isa = PBXFileReference; fileEncoding = 4; lastKnownFileType = sourcecode.cpp.cpp; path = WindowImp.cpp; sourceTree = "<group>"; };
		F30994CF19CA1F65000D6259 /* WindowImp.hpp */ = {isa = PBXFileReference; fileEncoding = 4; lastKnownFileType = sourcecode.cpp.h; path = WindowImp.hpp; sourceTree = "<group>"; };
		F30B07B319CE01F800E3DC54 /* Controller.hpp */ = {isa = PBXFileReference; fileEncoding = 4; lastKnownFileType = sourcecode.cpp.h; path = Controller.hpp; sourceTree = "<group>"; };
		F30B07B419CE01F800E3DC54 /* Controller.mm */ = {isa = PBXFileReference; fileEncoding = 4; lastKnownFileType = sourcecode.cpp.objcpp; path = Controller.mm; sourceTree = "<group>"; };
		F30B07B519CE01F800E3DC54 /* DelegateProtocol.hpp */ = {isa = PBXFileReference; fileEncoding = 4; lastKnownFileType = sourcecode.cpp.h; path = DelegateProtocol.hpp; sourceTree = "<group>"; };
		F30B07B619CE01F800E3DC54 /* WindowOS.hpp */ = {isa = PBXFileReference; fileEncoding = 4; lastKnownFileType = sourcecode.cpp.h; path = WindowOS.hpp; sourceTree = "<group>"; };
		F30B07B719CE01F800E3DC54 /* WindowOS.mm */ = {isa = PBXFileReference; fileEncoding = 4; lastKnownFileType = sourcecode.cpp.objcpp; path = WindowOS.mm; sourceTree = "<group>"; };
		F30B07BE19CE021300E3DC54 /* Application.hpp */ = {isa = PBXFileReference; fileEncoding = 4; lastKnownFileType = sourcecode.cpp.h; path = Application.hpp; sourceTree = "<group>"; };
		F30B07BF19CE021300E3DC54 /* Application.mm */ = {isa = PBXFileReference; fileEncoding = 4; lastKnownFileType = sourcecode.cpp.objcpp; path = Application.mm; sourceTree = "<group>"; };
		F30B07C019CE021300E3DC54 /* Controller.hpp */ = {isa = PBXFileReference; fileEncoding = 4; lastKnownFileType = sourcecode.cpp.h; path = Controller.hpp; sourceTree = "<group>"; };
		F30B07C119CE021300E3DC54 /* Delegate.hpp */ = {isa = PBXFileReference; fileEncoding = 4; lastKnownFileType = sourcecode.cpp.h; path = Delegate.hpp; sourceTree = "<group>"; };
		F30B07C219CE021300E3DC54 /* Delegate.mm */ = {isa = PBXFileReference; fileEncoding = 4; lastKnownFileType = sourcecode.cpp.objcpp; path = Delegate.mm; sourceTree = "<group>"; };
		F30B07C419CE021300E3DC54 /* OBJC.hpp */ = {isa = PBXFileReference; fileEncoding = 4; lastKnownFileType = sourcecode.cpp.h; path = OBJC.hpp; sourceTree = "<group>"; };
		F30B07C519CE021300E3DC54 /* OBJC.mm */ = {isa = PBXFileReference; fileEncoding = 4; lastKnownFileType = sourcecode.cpp.objcpp; path = OBJC.mm; sourceTree = "<group>"; };
		F30B07C719CE021300E3DC54 /* HIDInputManager.hpp */ = {isa = PBXFileReference; fileEncoding = 4; lastKnownFileType = sourcecode.cpp.h; path = HIDInputManager.hpp; sourceTree = "<group>"; };
		F30B07C819CE021300E3DC54 /* Input.hpp */ = {isa = PBXFileReference; fileEncoding = 4; lastKnownFileType = sourcecode.cpp.h; path = Input.hpp; sourceTree = "<group>"; };
		F30B07C919CE021300E3DC54 /* Input.mm */ = {isa = PBXFileReference; fileEncoding = 4; lastKnownFileType = sourcecode.cpp.objcpp; path = Input.mm; sourceTree = "<group>"; };
		F30B07CA19CE021300E3DC54 /* KeyboardHelper.hpp */ = {isa = PBXFileReference; fileEncoding = 4; lastKnownFileType = sourcecode.cpp.h; path = KeyboardHelper.hpp; sourceTree = "<group>"; };
		F30B07CB19CE021300E3DC54 /* KeyboardHelper.mm */ = {isa = PBXFileReference; fileEncoding = 4; lastKnownFileType = sourcecode.cpp.objcpp; path = KeyboardHelper.mm; sourceTree = "<group>"; };
		F30B07CD19CE021300E3DC54 /* AutoReleasePool.hpp */ = {isa = PBXFileReference; fileEncoding = 4; lastKnownFileType = sourcecode.cpp.h; path = AutoReleasePool.hpp; sourceTree = "<group>"; };
		F30B07CE19CE021300E3DC54 /* AutoReleasePool.mm */ = {isa = PBXFileReference; fileEncoding = 4; lastKnownFileType = sourcecode.cpp.objcpp; path = AutoReleasePool.mm; sourceTree = "<group>"; };
		F30B07DD19CE033700E3DC54 /* Window.mm */ = {isa = PBXFileReference; fileEncoding = 4; lastKnownFileType = sourcecode.cpp.objcpp; path = Window.mm; sourceTree = "<group>"; };
		F30B07DE19CE033700E3DC54 /* Window.hpp */ = {isa = PBXFileReference; fileEncoding = 4; lastKnownFileType = sourcecode.cpp.h; path = Window.hpp; sourceTree = "<group>"; };
		F30B07E219CE056700E3DC54 /* VideoModeImp.hpp */ = {isa = PBXFileReference; lastKnownFileType = sourcecode.cpp.h; path = VideoModeImp.hpp; sourceTree = "<group>"; };
		F30B07E319CE34AC00E3DC54 /* Event.hpp */ = {isa = PBXFileReference; fileEncoding = 4; lastKnownFileType = sourcecode.cpp.h; name = Event.hpp; path = NordicOS/Window/Event.hpp; sourceTree = SOURCE_ROOT; };
		F30B07E419CE34AC00E3DC54 /* InputImp.hpp */ = {isa = PBXFileReference; fileEncoding = 4; lastKnownFileType = sourcecode.cpp.h; name = InputImp.hpp; path = NordicOS/Window/InputImp.hpp; sourceTree = SOURCE_ROOT; };
		F30B07E819CF5FD000E3DC54 /* View.mm */ = {isa = PBXFileReference; fileEncoding = 4; lastKnownFileType = sourcecode.cpp.objcpp; path = View.mm; sourceTree = "<group>"; };
		F30B07E919CF5FD000E3DC54 /* View.hpp */ = {isa = PBXFileReference; fileEncoding = 4; lastKnownFileType = sourcecode.cpp.h; path = View.hpp; sourceTree = "<group>"; };
		F30B07EC19CF61EC00E3DC54 /* SilentResponder.mm */ = {isa = PBXFileReference; fileEncoding = 4; lastKnownFileType = sourcecode.cpp.objcpp; path = SilentResponder.mm; sourceTree = "<group>"; };
		F30B07ED19CF61EC00E3DC54 /* SilentResponder.hpp */ = {isa = PBXFileReference; fileEncoding = 4; lastKnownFileType = sourcecode.cpp.h; path = SilentResponder.hpp; sourceTree = "<group>"; };
		F311643519C44C3E0003AA52 /* NonCopyable.hpp */ = {isa = PBXFileReference; lastKnownFileType = sourcecode.cpp.h; path = NonCopyable.hpp; sourceTree = "<group>"; };
		F311F29119C3A9730057DF56 /* Errors.cpp */ = {isa = PBXFileReference; fileEncoding = 4; lastKnownFileType = sourcecode.cpp.cpp; path = Errors.cpp; sourceTree = "<group>"; };
		F3155AE919C3A8990021A0DE /* Errors.hpp */ = {isa = PBXFileReference; lastKnownFileType = sourcecode.cpp.h; path = Errors.hpp; sourceTree = "<group>"; };
		F3A0945519C49E3D008DA61A /* Mutex.cpp */ = {isa = PBXFileReference; fileEncoding = 4; lastKnownFileType = sourcecode.cpp.cpp; path = Mutex.cpp; sourceTree = "<group>"; };
		F3A0945619C49E3D008DA61A /* Mutex.hpp */ = {isa = PBXFileReference; fileEncoding = 4; lastKnownFileType = sourcecode.cpp.h; path = Mutex.hpp; sourceTree = "<group>"; };
		F3A0945819C49E3D008DA61A /* Sleep.cpp */ = {isa = PBXFileReference; fileEncoding = 4; lastKnownFileType = sourcecode.cpp.cpp; path = Sleep.cpp; sourceTree = "<group>"; };
		F3A0945919C49E3D008DA61A /* Sleep.hpp */ = {isa = PBXFileReference; fileEncoding = 4; lastKnownFileType = sourcecode.cpp.h; path = Sleep.hpp; sourceTree = "<group>"; };
		F3A0945B19C49E3D008DA61A /* Thread.cpp */ = {isa = PBXFileReference; fileEncoding = 4; lastKnownFileType = sourcecode.cpp.cpp; path = Thread.cpp; sourceTree = "<group>"; };
		F3A0945C19C49E3D008DA61A /* Thread.hpp */ = {isa = PBXFileReference; fileEncoding = 4; lastKnownFileType = sourcecode.cpp.h; path = Thread.hpp; sourceTree = "<group>"; };
		F3A0945E19C49E3D008DA61A /* ThreadLocal.cpp */ = {isa = PBXFileReference; fileEncoding = 4; lastKnownFileType = sourcecode.cpp.cpp; path = ThreadLocal.cpp; sourceTree = "<group>"; };
		F3A0945F19C49E3D008DA61A /* ThreadLocal.hpp */ = {isa = PBXFileReference; fileEncoding = 4; lastKnownFileType = sourcecode.cpp.h; path = ThreadLocal.hpp; sourceTree = "<group>"; };
		F3A0947E19C77489008DA61A /* Lock.cpp */ = {isa = PBXFileReference; fileEncoding = 4; lastKnownFileType = sourcecode.cpp.cpp; path = Lock.cpp; sourceTree = "<group>"; };
		F3A0947F19C77489008DA61A /* Lock.hpp */ = {isa = PBXFileReference; fileEncoding = 4; lastKnownFileType = sourcecode.cpp.h; path = Lock.hpp; sourceTree = "<group>"; };
		F3A0948119C77489008DA61A /* Mutex.cpp */ = {isa = PBXFileReference; fileEncoding = 4; lastKnownFileType = sourcecode.cpp.cpp; path = Mutex.cpp; sourceTree = "<group>"; };
		F3A0948219C77489008DA61A /* Mutex.hpp */ = {isa = PBXFileReference; fileEncoding = 4; lastKnownFileType = sourcecode.cpp.h; path = Mutex.hpp; sourceTree = "<group>"; };
		F3A0948419C77489008DA61A /* Sleep.cpp */ = {isa = PBXFileReference; fileEncoding = 4; lastKnownFileType = sourcecode.cpp.cpp; path = Sleep.cpp; sourceTree = "<group>"; };
		F3A0948519C77489008DA61A /* Sleep.hpp */ = {isa = PBXFileReference; fileEncoding = 4; lastKnownFileType = sourcecode.cpp.h; path = Sleep.hpp; sourceTree = "<group>"; };
		F3A0948719C77489008DA61A /* Thread.cpp */ = {isa = PBXFileReference; fileEncoding = 4; lastKnownFileType = sourcecode.cpp.cpp; path = Thread.cpp; sourceTree = "<group>"; };
		F3A0948819C77489008DA61A /* Thread.hpp */ = {isa = PBXFileReference; fileEncoding = 4; lastKnownFileType = sourcecode.cpp.h; path = Thread.hpp; sourceTree = "<group>"; };
		F3A0948919C77489008DA61A /* Thread.inl */ = {isa = PBXFileReference; fileEncoding = 4; lastKnownFileType = text; path = Thread.inl; sourceTree = "<group>"; };
		F3A0948B19C77489008DA61A /* ThreadLocal.cpp */ = {isa = PBXFileReference; fileEncoding = 4; lastKnownFileType = sourcecode.cpp.cpp; path = ThreadLocal.cpp; sourceTree = "<group>"; };
		F3A0948C19C77489008DA61A /* ThreadLocal.hpp */ = {isa = PBXFileReference; fileEncoding = 4; lastKnownFileType = sourcecode.cpp.h; path = ThreadLocal.hpp; sourceTree = "<group>"; };
		F3A0949B19C77B11008DA61A /* UTF.hpp */ = {isa = PBXFileReference; lastKnownFileType = sourcecode.cpp.h; path = UTF.hpp; sourceTree = "<group>"; };
		F3A0949C19C77B2A008DA61A /* UTF.inl */ = {isa = PBXFileReference; lastKnownFileType = text; path = UTF.inl; sourceTree = "<group>"; };
		F3B23A1919AE75FB0064E08F /* libNordicOS.dylib */ = {isa = PBXFileReference; explicitFileType = "compiled.mach-o.dylib"; includeInIndex = 0; path = libNordicOS.dylib; sourceTree = BUILT_PRODUCTS_DIR; };
		F3B23BFB19B338630064E08F /* Threads.cpp */ = {isa = PBXFileReference; fileEncoding = 4; lastKnownFileType = sourcecode.cpp.cpp; path = Threads.cpp; sourceTree = "<group>"; };
		F3B23BFC19B338630064E08F /* Threads.hpp */ = {isa = PBXFileReference; fileEncoding = 4; lastKnownFileType = sourcecode.cpp.h; path = Threads.hpp; sourceTree = "<group>"; };
		F3B2CB2319A8D5420047830E /* buildNumber.hpp */ = {isa = PBXFileReference; fileEncoding = 4; lastKnownFileType = sourcecode.cpp.h; path = buildNumber.hpp; sourceTree = "<group>"; };
		F3B2CB2819A8D5420047830E /* ExceptionHandler.cpp */ = {isa = PBXFileReference; fileEncoding = 4; lastKnownFileType = sourcecode.cpp.cpp; path = ExceptionHandler.cpp; sourceTree = "<group>"; };
		F3B2CB2919A8D5420047830E /* ExceptionHandler.hpp */ = {isa = PBXFileReference; fileEncoding = 4; lastKnownFileType = sourcecode.cpp.h; path = ExceptionHandler.hpp; sourceTree = "<group>"; };
		F3B2CB2B19A8D5420047830E /* FileHandler.cpp */ = {isa = PBXFileReference; fileEncoding = 4; lastKnownFileType = sourcecode.cpp.cpp; path = FileHandler.cpp; sourceTree = "<group>"; };
		F3B2CB2C19A8D5420047830E /* FileHandler.hpp */ = {isa = PBXFileReference; fileEncoding = 4; lastKnownFileType = sourcecode.cpp.h; path = FileHandler.hpp; sourceTree = "<group>"; };
		F3B2CB2D19A8D5420047830E /* FileUtils.hpp */ = {isa = PBXFileReference; fileEncoding = 4; lastKnownFileType = sourcecode.cpp.h; path = FileUtils.hpp; sourceTree = "<group>"; };
		F3B2CB2F19A8D5420047830E /* TextFileReader.cpp */ = {isa = PBXFileReference; fileEncoding = 4; lastKnownFileType = sourcecode.cpp.cpp; path = TextFileReader.cpp; sourceTree = "<group>"; };
		F3B2CB3019A8D5420047830E /* TextFileReader.hpp */ = {isa = PBXFileReference; fileEncoding = 4; lastKnownFileType = sourcecode.cpp.h; path = TextFileReader.hpp; sourceTree = "<group>"; };
		F3B2CB3219A8D5420047830E /* TextFileWriter.cpp */ = {isa = PBXFileReference; fileEncoding = 4; lastKnownFileType = sourcecode.cpp.cpp; path = TextFileWriter.cpp; sourceTree = "<group>"; };
		F3B2CB3319A8D5420047830E /* TextFileWriter.hpp */ = {isa = PBXFileReference; fileEncoding = 4; lastKnownFileType = sourcecode.cpp.h; path = TextFileWriter.hpp; sourceTree = "<group>"; };
		F3B2CB3519A8D5420047830E /* Linux.cpp */ = {isa = PBXFileReference; fileEncoding = 4; lastKnownFileType = sourcecode.cpp.cpp; path = Linux.cpp; sourceTree = "<group>"; };
		F3B2CB3619A8D5420047830E /* Linux.hpp */ = {isa = PBXFileReference; fileEncoding = 4; lastKnownFileType = sourcecode.cpp.h; path = Linux.hpp; sourceTree = "<group>"; };
		F3B2CB3819A8D5420047830E /* Logger.cpp */ = {isa = PBXFileReference; fileEncoding = 4; lastKnownFileType = sourcecode.cpp.cpp; path = Logger.cpp; sourceTree = "<group>"; };
		F3B2CB3919A8D5420047830E /* Logger.hpp */ = {isa = PBXFileReference; fileEncoding = 4; lastKnownFileType = sourcecode.cpp.h; path = Logger.hpp; sourceTree = "<group>"; };
		F3B2CB3E19A8D5420047830E /* Simplex.cpp */ = {isa = PBXFileReference; fileEncoding = 4; lastKnownFileType = sourcecode.cpp.cpp; path = Simplex.cpp; sourceTree = "<group>"; };
		F3B2CB3F19A8D5420047830E /* Simplex.hpp */ = {isa = PBXFileReference; fileEncoding = 4; lastKnownFileType = sourcecode.cpp.h; path = Simplex.hpp; sourceTree = "<group>"; };
		F3B2CB4119A8D5420047830E /* nonWindows.hpp */ = {isa = PBXFileReference; fileEncoding = 4; lastKnownFileType = sourcecode.cpp.h; path = nonWindows.hpp; sourceTree = "<group>"; };
		F3B2CB4219A8D5420047830E /* OS.cpp */ = {isa = PBXFileReference; fileEncoding = 4; lastKnownFileType = sourcecode.cpp.cpp; path = OS.cpp; sourceTree = "<group>"; };
		F3B2CB4319A8D5420047830E /* OS.hpp */ = {isa = PBXFileReference; fileEncoding = 4; lastKnownFileType = sourcecode.cpp.h; path = OS.hpp; sourceTree = "<group>"; };
		F3B2CB4419A8D5420047830E /* OSLoad.hpp */ = {isa = PBXFileReference; fileEncoding = 4; lastKnownFileType = sourcecode.cpp.h; path = OSLoad.hpp; sourceTree = "<group>"; };
		F3B2CB4619A8D5420047830E /* OSX.hpp */ = {isa = PBXFileReference; fileEncoding = 4; lastKnownFileType = sourcecode.cpp.h; path = OSX.hpp; sourceTree = "<group>"; };
		F3B2CB4719A8D5420047830E /* OSX.mm */ = {isa = PBXFileReference; fileEncoding = 4; lastKnownFileType = sourcecode.cpp.objcpp; path = OSX.mm; sourceTree = "<group>"; };
		F3B2CB4919A8D5420047830E /* Singleton.cpp */ = {isa = PBXFileReference; fileEncoding = 4; lastKnownFileType = sourcecode.cpp.cpp; path = Singleton.cpp; sourceTree = "<group>"; };
		F3B2CB4A19A8D5420047830E /* Singleton.hpp */ = {isa = PBXFileReference; fileEncoding = 4; lastKnownFileType = sourcecode.cpp.h; path = Singleton.hpp; sourceTree = "<group>"; };
		F3B2CB5319A8D5420047830E /* String.cpp */ = {isa = PBXFileReference; fileEncoding = 4; lastKnownFileType = sourcecode.cpp.cpp; path = String.cpp; sourceTree = "<group>"; };
		F3B2CB5419A8D5420047830E /* String.hpp */ = {isa = PBXFileReference; fileEncoding = 4; lastKnownFileType = sourcecode.cpp.h; path = String.hpp; sourceTree = "<group>"; };
		F3B2CB5519A8D5420047830E /* String.inl */ = {isa = PBXFileReference; fileEncoding = 4; lastKnownFileType = text; path = String.inl; sourceTree = "<group>"; };
		F3B2CB5719A8D5420047830E /* Time.cpp */ = {isa = PBXFileReference; fileEncoding = 4; lastKnownFileType = sourcecode.cpp.cpp; path = Time.cpp; sourceTree = "<group>"; };
		F3B2CB5819A8D5420047830E /* Time.hpp */ = {isa = PBXFileReference; fileEncoding = 4; lastKnownFileType = sourcecode.cpp.h; path = Time.hpp; sourceTree = "<group>"; };
		F3B2CB5A19A8D5420047830E /* Utility.cpp */ = {isa = PBXFileReference; fileEncoding = 4; lastKnownFileType = sourcecode.cpp.cpp; path = Utility.cpp; sourceTree = "<group>"; };
		F3B2CB5C19A8D5420047830E /* Windows.cpp */ = {isa = PBXFileReference; fileEncoding = 4; lastKnownFileType = sourcecode.cpp.cpp; path = Windows.cpp; sourceTree = "<group>"; };
		F3B2CB5D19A8D5420047830E /* Windows.hpp */ = {isa = PBXFileReference; fileEncoding = 4; lastKnownFileType = sourcecode.cpp.h; path = Windows.hpp; sourceTree = "<group>"; };
		F3B2CB8A19A8D5790047830E /* Utility.hpp */ = {isa = PBXFileReference; lastKnownFileType = sourcecode.cpp.h; path = Utility.hpp; sourceTree = "<group>"; };
		F3B2CC1219A8DB3B0047830E /* SQLite.xcodeproj */ = {isa = PBXFileReference; lastKnownFileType = "wrapper.pb-project"; name = SQLite.xcodeproj; path = NordicOS/SQLite/SQLite.xcodeproj; sourceTree = "<group>"; };
		F3E1074F19AB95EE006B821F /* FileUtils.cpp */ = {isa = PBXFileReference; fileEncoding = 4; lastKnownFileType = sourcecode.cpp.cpp; path = FileUtils.cpp; sourceTree = "<group>"; };
/* End PBXFileReference section */

/* Begin PBXFrameworksBuildPhase section */
		F3B23A1619AE75FB0064E08F /* Frameworks */ = {
			isa = PBXFrameworksBuildPhase;
			buildActionMask = 2147483647;
			files = (
				F3B23A1F19AE760C0064E08F /* libSQLite.dylib in Frameworks */,
			);
			runOnlyForDeploymentPostprocessing = 0;
		};
/* End PBXFrameworksBuildPhase section */

/* Begin PBXGroup section */
		F309948A19CA184C000D6259 /* Window */ = {
			isa = PBXGroup;
			children = (
				F309948B19CA184C000D6259 /* Window */,
				F309949919CA184C000D6259 /* Window.hpp */,
			);
			path = Window;
			sourceTree = "<group>";
		};
		F309948B19CA184C000D6259 /* Window */ = {
			isa = PBXGroup;
			children = (
				F30B07E319CE34AC00E3DC54 /* Event.hpp */,
				F30B07E419CE34AC00E3DC54 /* InputImp.hpp */,
				F309948C19CA184C000D6259 /* ContextSettings.hpp */,
				F309948D19CA184C000D6259 /* GL */,
				F309949219CA184C000D6259 /* VideoMode */,
				F309949519CA184C000D6259 /* Window.cpp */,
				F309949619CA184C000D6259 /* Window.hpp */,
				F309949719CA184C000D6259 /* WindowHandle.hpp */,
				F309949819CA184C000D6259 /* WindowStyle.hpp */,
				F30994CE19CA1F65000D6259 /* WindowImp.cpp */,
				F30994CF19CA1F65000D6259 /* WindowImp.hpp */,
			);
			path = Window;
			sourceTree = "<group>";
		};
		F309948D19CA184C000D6259 /* GL */ = {
			isa = PBXGroup;
			children = (
				F309948E19CA184C000D6259 /* Context.cpp */,
				F309948F19CA184C000D6259 /* Context.hpp */,
				F309949019CA184C000D6259 /* Resource.cpp */,
				F309949119CA184C000D6259 /* Resource.hpp */,
			);
			path = GL;
			sourceTree = "<group>";
		};
		F309949219CA184C000D6259 /* VideoMode */ = {
			isa = PBXGroup;
			children = (
				F309949319CA184C000D6259 /* VideoMode.cpp */,
				F309949419CA184C000D6259 /* VideoMode.hpp */,
				F30B07E219CE056700E3DC54 /* VideoModeImp.hpp */,
			);
			path = VideoMode;
			sourceTree = "<group>";
		};
		F30994A619CA185F000D6259 /* Window */ = {
			isa = PBXGroup;
			children = (
				F30994A719CA185F000D6259 /* WindowHandle.hpp */,
			);
			path = Window;
			sourceTree = "<group>";
		};
		F30994A919CA1888000D6259 /* Mutex */ = {
			isa = PBXGroup;
			children = (
				F30994AA19CA1888000D6259 /* Mutex.cpp */,
				F30994AB19CA1888000D6259 /* Mutex.hpp */,
			);
			path = Mutex;
			sourceTree = "<group>";
		};
		F30994AC19CA1888000D6259 /* Sleep */ = {
			isa = PBXGroup;
			children = (
				F30994AD19CA1888000D6259 /* Sleep.cpp */,
				F30994AE19CA1888000D6259 /* Sleep.hpp */,
			);
			path = Sleep;
			sourceTree = "<group>";
		};
		F30994AF19CA1888000D6259 /* Thread */ = {
			isa = PBXGroup;
			children = (
				F30994B019CA1888000D6259 /* Thread.cpp */,
				F30994B119CA1888000D6259 /* Thread.hpp */,
			);
			path = Thread;
			sourceTree = "<group>";
		};
		F30994B219CA1888000D6259 /* ThreadLocal */ = {
			isa = PBXGroup;
			children = (
				F30994B319CA1888000D6259 /* ThreadLocal.cpp */,
				F30994B419CA1888000D6259 /* ThreadLocal.hpp */,
			);
			path = ThreadLocal;
			sourceTree = "<group>";
		};
		F30994B519CA1888000D6259 /* Window */ = {
			isa = PBXGroup;
			children = (
				F30994B619CA1888000D6259 /* WindowHandle.hpp */,
			);
			path = Window;
			sourceTree = "<group>";
		};
		F30994C019CA18DE000D6259 /* Window */ = {
			isa = PBXGroup;
			children = (
				F30B07F119CF61F900E3DC54 /* SilentResponder */,
				F30B07F019CF61F000E3DC54 /* Controller */,
				F30B07B519CE01F800E3DC54 /* DelegateProtocol.hpp */,
				F30B07B619CE01F800E3DC54 /* WindowOS.hpp */,
				F30B07B719CE01F800E3DC54 /* WindowOS.mm */,
				F30994C119CA18DE000D6259 /* WindowHandle.hpp */,
				F30B07DD19CE033700E3DC54 /* Window.mm */,
				F30B07DE19CE033700E3DC54 /* Window.hpp */,
			);
			path = Window;
			sourceTree = "<group>";
		};
		F30B07BD19CE021300E3DC54 /* Application */ = {
			isa = PBXGroup;
			children = (
				F30B07BE19CE021300E3DC54 /* Application.hpp */,
				F30B07BF19CE021300E3DC54 /* Application.mm */,
				F30B07C019CE021300E3DC54 /* Controller.hpp */,
				F30B07C119CE021300E3DC54 /* Delegate.hpp */,
				F30B07C219CE021300E3DC54 /* Delegate.mm */,
			);
			path = Application;
			sourceTree = "<group>";
		};
		F30B07C319CE021300E3DC54 /* Conversion */ = {
			isa = PBXGroup;
			children = (
				F30B07C419CE021300E3DC54 /* OBJC.hpp */,
				F30B07C519CE021300E3DC54 /* OBJC.mm */,
			);
			path = Conversion;
			sourceTree = "<group>";
		};
		F30B07C619CE021300E3DC54 /* Input */ = {
			isa = PBXGroup;
			children = (
				F30B07C719CE021300E3DC54 /* HIDInputManager.hpp */,
				F30B07C819CE021300E3DC54 /* Input.hpp */,
				F30B07C919CE021300E3DC54 /* Input.mm */,
				F30B07CA19CE021300E3DC54 /* KeyboardHelper.hpp */,
				F30B07CB19CE021300E3DC54 /* KeyboardHelper.mm */,
			);
			path = Input;
			sourceTree = "<group>";
		};
		F30B07CC19CE021300E3DC54 /* Wrapper */ = {
			isa = PBXGroup;
			children = (
				F30B07CD19CE021300E3DC54 /* AutoReleasePool.hpp */,
				F30B07CE19CE021300E3DC54 /* AutoReleasePool.mm */,
			);
			path = Wrapper;
			sourceTree = "<group>";
		};
		F30B07E719CF5FB100E3DC54 /* OpenGL */ = {
			isa = PBXGroup;
			children = (
				F30B07E819CF5FD000E3DC54 /* View.mm */,
				F30B07E919CF5FD000E3DC54 /* View.hpp */,
			);
			path = OpenGL;
			sourceTree = "<group>";
		};
		F30B07F019CF61F000E3DC54 /* Controller */ = {
			isa = PBXGroup;
			children = (
				F30B07B319CE01F800E3DC54 /* Controller.hpp */,
				F30B07B419CE01F800E3DC54 /* Controller.mm */,
			);
			name = Controller;
			sourceTree = "<group>";
		};
		F30B07F119CF61F900E3DC54 /* SilentResponder */ = {
			isa = PBXGroup;
			children = (
				F30B07EC19CF61EC00E3DC54 /* SilentResponder.mm */,
				F30B07ED19CF61EC00E3DC54 /* SilentResponder.hpp */,
			);
			name = SilentResponder;
			sourceTree = "<group>";
		};
		F311643419C44C100003AA52 /* NonCopyable */ = {
			isa = PBXGroup;
			children = (
				F311643519C44C3E0003AA52 /* NonCopyable.hpp */,
			);
			path = NonCopyable;
			sourceTree = "<group>";
		};
		F3A0945419C49E3D008DA61A /* Mutex */ = {
			isa = PBXGroup;
			children = (
				F3A0945519C49E3D008DA61A /* Mutex.cpp */,
				F3A0945619C49E3D008DA61A /* Mutex.hpp */,
			);
			path = Mutex;
			sourceTree = "<group>";
		};
		F3A0945719C49E3D008DA61A /* Sleep */ = {
			isa = PBXGroup;
			children = (
				F3A0945819C49E3D008DA61A /* Sleep.cpp */,
				F3A0945919C49E3D008DA61A /* Sleep.hpp */,
			);
			path = Sleep;
			sourceTree = "<group>";
		};
		F3A0945A19C49E3D008DA61A /* Thread */ = {
			isa = PBXGroup;
			children = (
				F3A0945B19C49E3D008DA61A /* Thread.cpp */,
				F3A0945C19C49E3D008DA61A /* Thread.hpp */,
			);
			path = Thread;
			sourceTree = "<group>";
		};
		F3A0945D19C49E3D008DA61A /* ThreadLocal */ = {
			isa = PBXGroup;
			children = (
				F3A0945E19C49E3D008DA61A /* ThreadLocal.cpp */,
				F3A0945F19C49E3D008DA61A /* ThreadLocal.hpp */,
			);
			path = ThreadLocal;
			sourceTree = "<group>";
		};
		F3A0947C19C77489008DA61A /* Threading */ = {
			isa = PBXGroup;
			children = (
				F3A0947D19C77489008DA61A /* Lock */,
				F3A0948019C77489008DA61A /* Mutex */,
				F3A0948319C77489008DA61A /* Sleep */,
				F3A0948619C77489008DA61A /* Thread */,
				F3A0948A19C77489008DA61A /* ThreadLocal */,
			);
			path = Threading;
			sourceTree = "<group>";
		};
		F3A0947D19C77489008DA61A /* Lock */ = {
			isa = PBXGroup;
			children = (
				F3A0947E19C77489008DA61A /* Lock.cpp */,
				F3A0947F19C77489008DA61A /* Lock.hpp */,
			);
			path = Lock;
			sourceTree = "<group>";
		};
		F3A0948019C77489008DA61A /* Mutex */ = {
			isa = PBXGroup;
			children = (
				F3A0948119C77489008DA61A /* Mutex.cpp */,
				F3A0948219C77489008DA61A /* Mutex.hpp */,
			);
			path = Mutex;
			sourceTree = "<group>";
		};
		F3A0948319C77489008DA61A /* Sleep */ = {
			isa = PBXGroup;
			children = (
				F3A0948419C77489008DA61A /* Sleep.cpp */,
				F3A0948519C77489008DA61A /* Sleep.hpp */,
			);
			path = Sleep;
			sourceTree = "<group>";
		};
		F3A0948619C77489008DA61A /* Thread */ = {
			isa = PBXGroup;
			children = (
				F3A0948719C77489008DA61A /* Thread.cpp */,
				F3A0948819C77489008DA61A /* Thread.hpp */,
				F3A0948919C77489008DA61A /* Thread.inl */,
			);
			path = Thread;
			sourceTree = "<group>";
		};
		F3A0948A19C77489008DA61A /* ThreadLocal */ = {
			isa = PBXGroup;
			children = (
				F30994C319CA18EF000D6259 /* ThreadLocalPtr.hpp */,
				F30994C419CA18EF000D6259 /* ThreadLocalPtr.inl */,
				F3A0948B19C77489008DA61A /* ThreadLocal.cpp */,
				F3A0948C19C77489008DA61A /* ThreadLocal.hpp */,
			);
			path = ThreadLocal;
			sourceTree = "<group>";
		};
		F3B23A8919AFC1590064E08F /* Threads */ = {
			isa = PBXGroup;
			children = (
				F3B23BFB19B338630064E08F /* Threads.cpp */,
				F3B23BFC19B338630064E08F /* Threads.hpp */,
			);
			path = Threads;
			sourceTree = "<group>";
		};
		F3B2CB0B19A8D52F0047830E = {
			isa = PBXGroup;
			children = (
				F3B2CC1219A8DB3B0047830E /* SQLite.xcodeproj */,
				F3B2CB1C19A8D5420047830E /* NordicOS */,
				F3B2CB1519A8D52F0047830E /* Products */,
			);
			sourceTree = "<group>";
		};
		F3B2CB1519A8D52F0047830E /* Products */ = {
			isa = PBXGroup;
			children = (
				F3B23A1919AE75FB0064E08F /* libNordicOS.dylib */,
			);
			name = Products;
			sourceTree = "<group>";
		};
		F3B2CB1C19A8D5420047830E /* NordicOS */ = {
			isa = PBXGroup;
			children = (
				F309948A19CA184C000D6259 /* Window */,
				F3A0947C19C77489008DA61A /* Threading */,
				F311643419C44C100003AA52 /* NonCopyable */,
				F3B23A8919AFC1590064E08F /* Threads */,
				F3B2CB2319A8D5420047830E /* buildNumber.hpp */,
				F3B2CB2719A8D5420047830E /* ExceptionHandler */,
				F3B2CB2A19A8D5420047830E /* FileHandler */,
				F3B2CB3419A8D5420047830E /* Linux */,
				F3B2CB3719A8D5420047830E /* Logger */,
				F3B2CB3D19A8D5420047830E /* Noise */,
				F3B2CB4019A8D5420047830E /* nonWindows */,
				F3B2CB4219A8D5420047830E /* OS.cpp */,
				F3B2CB4319A8D5420047830E /* OS.hpp */,
				F3B2CB4419A8D5420047830E /* OSLoad.hpp */,
				F3B2CB4519A8D5420047830E /* OSX */,
				F3B2CB4819A8D5420047830E /* Singleton */,
				F3B2CB5219A8D5420047830E /* String */,
				F3B2CB5619A8D5420047830E /* Time */,
				F3B2CB5919A8D5420047830E /* Utility */,
				F3B2CB5B19A8D5420047830E /* Windows */,
			);
			path = NordicOS;
			sourceTree = "<group>";
		};
		F3B2CB2719A8D5420047830E /* ExceptionHandler */ = {
			isa = PBXGroup;
			children = (
				F3B2CB2819A8D5420047830E /* ExceptionHandler.cpp */,
				F3B2CB2919A8D5420047830E /* ExceptionHandler.hpp */,
				F3155AE919C3A8990021A0DE /* Errors.hpp */,
				F311F29119C3A9730057DF56 /* Errors.cpp */,
			);
			path = ExceptionHandler;
			sourceTree = "<group>";
		};
		F3B2CB2A19A8D5420047830E /* FileHandler */ = {
			isa = PBXGroup;
			children = (
				F3B2CB2B19A8D5420047830E /* FileHandler.cpp */,
				F3B2CB2C19A8D5420047830E /* FileHandler.hpp */,
				F3B2CB2D19A8D5420047830E /* FileUtils.hpp */,
				F3B2CB2E19A8D5420047830E /* TextFileReader */,
				F3B2CB3119A8D5420047830E /* TextFileWriter */,
				F3E1074F19AB95EE006B821F /* FileUtils.cpp */,
			);
			path = FileHandler;
			sourceTree = "<group>";
		};
		F3B2CB2E19A8D5420047830E /* TextFileReader */ = {
			isa = PBXGroup;
			children = (
				F3B2CB2F19A8D5420047830E /* TextFileReader.cpp */,
				F3B2CB3019A8D5420047830E /* TextFileReader.hpp */,
			);
			path = TextFileReader;
			sourceTree = "<group>";
		};
		F3B2CB3119A8D5420047830E /* TextFileWriter */ = {
			isa = PBXGroup;
			children = (
				F3B2CB3219A8D5420047830E /* TextFileWriter.cpp */,
				F3B2CB3319A8D5420047830E /* TextFileWriter.hpp */,
			);
			path = TextFileWriter;
			sourceTree = "<group>";
		};
		F3B2CB3419A8D5420047830E /* Linux */ = {
			isa = PBXGroup;
			children = (
				F30994A619CA185F000D6259 /* Window */,
				F3B2CB3519A8D5420047830E /* Linux.cpp */,
				F3B2CB3619A8D5420047830E /* Linux.hpp */,
			);
			path = Linux;
			sourceTree = "<group>";
		};
		F3B2CB3719A8D5420047830E /* Logger */ = {
			isa = PBXGroup;
			children = (
				F3B2CB3819A8D5420047830E /* Logger.cpp */,
				F3B2CB3919A8D5420047830E /* Logger.hpp */,
			);
			path = Logger;
			sourceTree = "<group>";
		};
		F3B2CB3D19A8D5420047830E /* Noise */ = {
			isa = PBXGroup;
			children = (
				F3B2CB3E19A8D5420047830E /* Simplex.cpp */,
				F3B2CB3F19A8D5420047830E /* Simplex.hpp */,
			);
			path = Noise;
			sourceTree = "<group>";
		};
		F3B2CB4019A8D5420047830E /* nonWindows */ = {
			isa = PBXGroup;
			children = (
				F3A0945419C49E3D008DA61A /* Mutex */,
				F3A0945719C49E3D008DA61A /* Sleep */,
				F3A0945A19C49E3D008DA61A /* Thread */,
				F3A0945D19C49E3D008DA61A /* ThreadLocal */,
				F3B2CB4119A8D5420047830E /* nonWindows.hpp */,
			);
			path = nonWindows;
			sourceTree = "<group>";
		};
		F3B2CB4519A8D5420047830E /* OSX */ = {
			isa = PBXGroup;
			children = (
				F30B07E719CF5FB100E3DC54 /* OpenGL */,
				F30B07BD19CE021300E3DC54 /* Application */,
				F30B07C319CE021300E3DC54 /* Conversion */,
				F30B07C619CE021300E3DC54 /* Input */,
				F30B07CC19CE021300E3DC54 /* Wrapper */,
				F30994C019CA18DE000D6259 /* Window */,
				F3B2CB4619A8D5420047830E /* OSX.hpp */,
				F3B2CB4719A8D5420047830E /* OSX.mm */,
			);
			path = OSX;
			sourceTree = "<group>";
		};
		F3B2CB4819A8D5420047830E /* Singleton */ = {
			isa = PBXGroup;
			children = (
				F3B2CB4919A8D5420047830E /* Singleton.cpp */,
				F3B2CB4A19A8D5420047830E /* Singleton.hpp */,
			);
			path = Singleton;
			sourceTree = "<group>";
		};
		F3B2CB5219A8D5420047830E /* String */ = {
			isa = PBXGroup;
			children = (
				F3B2CB5319A8D5420047830E /* String.cpp */,
				F3B2CB5419A8D5420047830E /* String.hpp */,
				F3B2CB5519A8D5420047830E /* String.inl */,
				F3A0949B19C77B11008DA61A /* UTF.hpp */,
				F3A0949C19C77B2A008DA61A /* UTF.inl */,
			);
			path = String;
			sourceTree = "<group>";
		};
		F3B2CB5619A8D5420047830E /* Time */ = {
			isa = PBXGroup;
			children = (
				F3B2CB5719A8D5420047830E /* Time.cpp */,
				F3B2CB5819A8D5420047830E /* Time.hpp */,
			);
			path = Time;
			sourceTree = "<group>";
		};
		F3B2CB5919A8D5420047830E /* Utility */ = {
			isa = PBXGroup;
			children = (
				F3B2CB5A19A8D5420047830E /* Utility.cpp */,
				F3B2CB8A19A8D5790047830E /* Utility.hpp */,
			);
			path = Utility;
			sourceTree = "<group>";
		};
		F3B2CB5B19A8D5420047830E /* Windows */ = {
			isa = PBXGroup;
			children = (
				F30994A919CA1888000D6259 /* Mutex */,
				F30994AC19CA1888000D6259 /* Sleep */,
				F30994AF19CA1888000D6259 /* Thread */,
				F30994B219CA1888000D6259 /* ThreadLocal */,
				F30994B519CA1888000D6259 /* Window */,
				F3B2CB5C19A8D5420047830E /* Windows.cpp */,
				F3B2CB5D19A8D5420047830E /* Windows.hpp */,
			);
			path = Windows;
			sourceTree = "<group>";
		};
		F3B2CC1319A8DB3B0047830E /* Products */ = {
			isa = PBXGroup;
			children = (
				F3B2CC1719A8DB3B0047830E /* libSQLite.dylib */,
			);
			name = Products;
			sourceTree = "<group>";
		};
/* End PBXGroup section */

/* Begin PBXHeadersBuildPhase section */
		F3B23A1719AE75FB0064E08F /* Headers */ = {
			isa = PBXHeadersBuildPhase;
			buildActionMask = 2147483647;
			files = (
				F30B07EF19CF61EC00E3DC54 /* SilentResponder.hpp in Headers */,
				F3A0949419C77489008DA61A /* Thread.hpp in Headers */,
				F3A0949219C77489008DA61A /* Sleep.hpp in Headers */,
				F30B07B819CE01F800E3DC54 /* Controller.hpp in Headers */,
				F30B07E519CE34AC00E3DC54 /* Event.hpp in Headers */,
				F30B07D119CE021300E3DC54 /* Controller.hpp in Headers */,
				F30B07E019CE033700E3DC54 /* Window.hpp in Headers */,
				F30B07D419CE021300E3DC54 /* OBJC.hpp in Headers */,
				F30994BF19CA1888000D6259 /* WindowHandle.hpp in Headers */,
				F30994D119CA1F65000D6259 /* WindowImp.hpp in Headers */,
				F3B23A3319AE766D0064E08F /* buildNumber.hpp in Headers */,
				F3A0946319C49E3D008DA61A /* Sleep.hpp in Headers */,
				F30994A419CA184C000D6259 /* WindowStyle.hpp in Headers */,
				F30994A319CA184C000D6259 /* WindowHandle.hpp in Headers */,
				F3B23BFE19B338630064E08F /* Threads.hpp in Headers */,
				F3B23A3519AE766D0064E08F /* ExceptionHandler.hpp in Headers */,
				F30B07CF19CE021300E3DC54 /* Application.hpp in Headers */,
				F309949E19CA184C000D6259 /* Resource.hpp in Headers */,
				F3B23A3619AE766D0064E08F /* FileHandler.hpp in Headers */,
				F309949A19CA184C000D6259 /* ContextSettings.hpp in Headers */,
				F30994A519CA184C000D6259 /* Window.hpp in Headers */,
				F3B23A3719AE766D0064E08F /* FileUtils.hpp in Headers */,
				F3A0948E19C77489008DA61A /* Lock.hpp in Headers */,
				F3B23A3819AE766D0064E08F /* TextFileReader.hpp in Headers */,
				F30B07D619CE021300E3DC54 /* HIDInputManager.hpp in Headers */,
				F3B23A3919AE766D0064E08F /* TextFileWriter.hpp in Headers */,
				F30B07D219CE021300E3DC54 /* Delegate.hpp in Headers */,
				F3B23A3A19AE766D0064E08F /* Logger.hpp in Headers */,
				F30B07D919CE021300E3DC54 /* KeyboardHelper.hpp in Headers */,
				F30B07E619CE34AC00E3DC54 /* InputImp.hpp in Headers */,
				F3B23A3C19AE766D0064E08F /* Simplex.hpp in Headers */,
				F3B23A3D19AE766D0064E08F /* nonWindows.hpp in Headers */,
				F3B23A3E19AE766D0064E08F /* OS.hpp in Headers */,
				F309949C19CA184C000D6259 /* Context.hpp in Headers */,
				F30994C219CA18DE000D6259 /* WindowHandle.hpp in Headers */,
				F30B07BB19CE01F800E3DC54 /* WindowOS.hpp in Headers */,
				F30994C519CA18EF000D6259 /* ThreadLocalPtr.hpp in Headers */,
				F3B23A3F19AE766D0064E08F /* OSLoad.hpp in Headers */,
				F30B07D719CE021300E3DC54 /* Input.hpp in Headers */,
				F3B23A4019AE766D0064E08F /* OSX.hpp in Headers */,
				F3A0946719C49E3D008DA61A /* ThreadLocal.hpp in Headers */,
				F30B07EB19CF5FD000E3DC54 /* View.hpp in Headers */,
				F3B23A4119AE766D0064E08F /* Singleton.hpp in Headers */,
				F3A0946119C49E3D008DA61A /* Mutex.hpp in Headers */,
				F3B23A4219AE766D0064E08F /* String.hpp in Headers */,
				F30994A219CA184C000D6259 /* Window.hpp in Headers */,
				F3A0946519C49E3D008DA61A /* Thread.hpp in Headers */,
				F3B23A4319AE766D0064E08F /* String.inl in Headers */,
				F3A0949619C77489008DA61A /* ThreadLocal.hpp in Headers */,
				F3B23A4419AE766D0064E08F /* Time.hpp in Headers */,
				F3A0949019C77489008DA61A /* Mutex.hpp in Headers */,
				F3B23A4519AE766E0064E08F /* Utility.hpp in Headers */,
				F30B07DB19CE021300E3DC54 /* AutoReleasePool.hpp in Headers */,
				F30B07BA19CE01F800E3DC54 /* DelegateProtocol.hpp in Headers */,
			);
			runOnlyForDeploymentPostprocessing = 0;
		};
/* End PBXHeadersBuildPhase section */

/* Begin PBXNativeTarget section */
		F3B23A1819AE75FB0064E08F /* NordicOS */ = {
			isa = PBXNativeTarget;
			buildConfigurationList = F3B23A1A19AE75FB0064E08F /* Build configuration list for PBXNativeTarget "NordicOS" */;
			buildPhases = (
				F3B23A1519AE75FB0064E08F /* Sources */,
				F3B23A1619AE75FB0064E08F /* Frameworks */,
				F3B23A1719AE75FB0064E08F /* Headers */,
			);
			buildRules = (
			);
			dependencies = (
				F3B23A1E19AE76040064E08F /* PBXTargetDependency */,
			);
			name = NordicOS;
			productName = NordicOS;
			productReference = F3B23A1919AE75FB0064E08F /* libNordicOS.dylib */;
			productType = "com.apple.product-type.library.dynamic";
		};
/* End PBXNativeTarget section */

/* Begin PBXProject section */
		F3B2CB0C19A8D52F0047830E /* Project object */ = {
			isa = PBXProject;
			attributes = {
				LastUpgradeCheck = 0600;
				ORGANIZATIONNAME = NordicArts.net;
				TargetAttributes = {
					F3B23A1819AE75FB0064E08F = {
						CreatedOnToolsVersion = 6.0;
					};
				};
			};
			buildConfigurationList = F3B2CB0F19A8D52F0047830E /* Build configuration list for PBXProject "NordicOS" */;
			compatibilityVersion = "Xcode 3.2";
			developmentRegion = English;
			hasScannedForEncodings = 0;
			knownRegions = (
				en,
			);
			mainGroup = F3B2CB0B19A8D52F0047830E;
			productRefGroup = F3B2CB1519A8D52F0047830E /* Products */;
			projectDirPath = "";
			projectReferences = (
				{
					ProductGroup = F3B2CC1319A8DB3B0047830E /* Products */;
					ProjectRef = F3B2CC1219A8DB3B0047830E /* SQLite.xcodeproj */;
				},
			);
			projectRoot = "";
			targets = (
				F3B23A1819AE75FB0064E08F /* NordicOS */,
			);
		};
/* End PBXProject section */

/* Begin PBXReferenceProxy section */
		F3B2CC1719A8DB3B0047830E /* libSQLite.dylib */ = {
			isa = PBXReferenceProxy;
			fileType = "compiled.mach-o.dylib";
			path = libSQLite.dylib;
			remoteRef = F3B2CC1619A8DB3B0047830E /* PBXContainerItemProxy */;
			sourceTree = BUILT_PRODUCTS_DIR;
		};
/* End PBXReferenceProxy section */

/* Begin PBXSourcesBuildPhase section */
		F3B23A1519AE75FB0064E08F /* Sources */ = {
			isa = PBXSourcesBuildPhase;
			buildActionMask = 2147483647;
			files = (
				F3A0946019C49E3D008DA61A /* Mutex.cpp in Sources */,
				F309949D19CA184C000D6259 /* Resource.cpp in Sources */,
				F3B23A2319AE764E0064E08F /* ExceptionHandler.cpp in Sources */,
				F30B07DF19CE033700E3DC54 /* Window.mm in Sources */,
				F3B23A2419AE764E0064E08F /* FileHandler.cpp in Sources */,
				F30B07EE19CF61EC00E3DC54 /* SilentResponder.mm in Sources */,
				F309949F19CA184C000D6259 /* VideoMode.cpp in Sources */,
				F30B07BC19CE01F800E3DC54 /* WindowOS.mm in Sources */,
				F30B07DC19CE021300E3DC54 /* AutoReleasePool.mm in Sources */,
				F309949B19CA184C000D6259 /* Context.cpp in Sources */,
				F3B23A2519AE764E0064E08F /* TextFileReader.cpp in Sources */,
				F30994A119CA184C000D6259 /* Window.cpp in Sources */,
				F30994D019CA1F65000D6259 /* WindowImp.cpp in Sources */,
				F30B07D019CE021300E3DC54 /* Application.mm in Sources */,
				F311F29219C3A9730057DF56 /* Errors.cpp in Sources */,
				F3B23A2619AE764E0064E08F /* TextFileWriter.cpp in Sources */,
				F3A0948D19C77489008DA61A /* Lock.cpp in Sources */,
				F3B23A2719AE764E0064E08F /* FileUtils.cpp in Sources */,
				F30B07D319CE021300E3DC54 /* Delegate.mm in Sources */,
				F3B23A2819AE764E0064E08F /* Logger.cpp in Sources */,
				F3B23A2A19AE764E0064E08F /* Simplex.cpp in Sources */,
				F30B07DA19CE021300E3DC54 /* KeyboardHelper.mm in Sources */,
				F30B07EA19CF5FD000E3DC54 /* View.mm in Sources */,
				F3B23A2B19AE764E0064E08F /* OS.cpp in Sources */,
				F3A0949319C77489008DA61A /* Thread.cpp in Sources */,
				F3B23A2C19AE764E0064E08F /* OSX.mm in Sources */,
				F3A0946419C49E3D008DA61A /* Thread.cpp in Sources */,
				F3A0948F19C77489008DA61A /* Mutex.cpp in Sources */,
				F3B23A2D19AE764E0064E08F /* Singleton.cpp in Sources */,
				F3B23A2E19AE764E0064E08F /* String.cpp in Sources */,
				F3A0949119C77489008DA61A /* Sleep.cpp in Sources */,
				F30B07B919CE01F800E3DC54 /* Controller.mm in Sources */,
				F30B07D819CE021300E3DC54 /* Input.mm in Sources */,
				F3A0946219C49E3D008DA61A /* Sleep.cpp in Sources */,
				F3A0949519C77489008DA61A /* ThreadLocal.cpp in Sources */,
				F3B23A2F19AE764E0064E08F /* Time.cpp in Sources */,
				F3B23A3019AE764E0064E08F /* Utility.cpp in Sources */,
				F3A0946619C49E3D008DA61A /* ThreadLocal.cpp in Sources */,
				F3B23BFD19B338630064E08F /* Threads.cpp in Sources */,
				F30B07D519CE021300E3DC54 /* OBJC.mm in Sources */,
			);
			runOnlyForDeploymentPostprocessing = 0;
		};
/* End PBXSourcesBuildPhase section */

/* Begin PBXTargetDependency section */
		F3B23A1E19AE76040064E08F /* PBXTargetDependency */ = {
			isa = PBXTargetDependency;
			name = SQLite;
			targetProxy = F3B23A1D19AE76040064E08F /* PBXContainerItemProxy */;
		};
/* End PBXTargetDependency section */

/* Begin XCBuildConfiguration section */
		F3B23A1B19AE75FB0064E08F /* Debug */ = {
			isa = XCBuildConfiguration;
			buildSettings = {
				CLANG_ENABLE_OBJC_ARC = YES;
				DYLIB_COMPATIBILITY_VERSION = 1;
				DYLIB_CURRENT_VERSION = 1;
				EXECUTABLE_PREFIX = lib;
				GCC_PREPROCESSOR_DEFINITIONS = (
					"DEBUG=1",
					"$(inherited)",
				);
				HEADER_SEARCH_PATHS = (
					"$(inherited)",
					"/Applications/Xcode-Beta.app/Contents/Developer/Toolchains/XcodeDefault.xctoolchain/usr/include",
					../glm,
				);
				PRODUCT_NAME = "$(TARGET_NAME)";
			};
			name = Debug;
		};
		F3B23A1C19AE75FB0064E08F /* Release */ = {
			isa = XCBuildConfiguration;
			buildSettings = {
				CLANG_ENABLE_OBJC_ARC = YES;
				DYLIB_COMPATIBILITY_VERSION = 1;
				DYLIB_CURRENT_VERSION = 1;
				EXECUTABLE_PREFIX = lib;
				HEADER_SEARCH_PATHS = (
					"$(inherited)",
					"/Applications/Xcode-Beta.app/Contents/Developer/Toolchains/XcodeDefault.xctoolchain/usr/include",
					../glm,
				);
				PRODUCT_NAME = "$(TARGET_NAME)";
			};
			name = Release;
		};
		F3B2CB1619A8D52F0047830E /* Debug */ = {
			isa = XCBuildConfiguration;
			buildSettings = {
				ALWAYS_SEARCH_USER_PATHS = NO;
				CLANG_CXX_LANGUAGE_STANDARD = "gnu++0x";
				CLANG_CXX_LIBRARY = "libc++";
				CLANG_ENABLE_MODULES = YES;
				CLANG_ENABLE_OBJC_ARC = YES;
				CLANG_WARN_BOOL_CONVERSION = YES;
				CLANG_WARN_CONSTANT_CONVERSION = YES;
				CLANG_WARN_DIRECT_OBJC_ISA_USAGE = YES_ERROR;
				CLANG_WARN_EMPTY_BODY = YES;
				CLANG_WARN_ENUM_CONVERSION = YES;
				CLANG_WARN_INT_CONVERSION = YES;
				CLANG_WARN_OBJC_ROOT_CLASS = YES_ERROR;
				CLANG_WARN_UNREACHABLE_CODE = YES;
				CLANG_WARN__DUPLICATE_METHOD_MATCH = YES;
				COPY_PHASE_STRIP = NO;
				ENABLE_STRICT_OBJC_MSGSEND = YES;
				GCC_C_LANGUAGE_STANDARD = gnu99;
				GCC_DYNAMIC_NO_PIC = NO;
				GCC_OPTIMIZATION_LEVEL = 0;
				GCC_PREPROCESSOR_DEFINITIONS = (
					"DEBUG=1",
					"$(inherited)",
				);
				GCC_SYMBOLS_PRIVATE_EXTERN = NO;
				GCC_WARN_64_TO_32_BIT_CONVERSION = YES;
				GCC_WARN_ABOUT_RETURN_TYPE = YES_ERROR;
				GCC_WARN_UNDECLARED_SELECTOR = YES;
				GCC_WARN_UNINITIALIZED_AUTOS = YES_AGGRESSIVE;
				GCC_WARN_UNUSED_FUNCTION = YES;
				GCC_WARN_UNUSED_VARIABLE = YES;
				MACOSX_DEPLOYMENT_TARGET = 10.10;
				MTL_ENABLE_DEBUG_INFO = YES;
				ONLY_ACTIVE_ARCH = YES;
				SDKROOT = macosx;
				VALID_ARCHS = x86_64;
			};
			name = Debug;
		};
		F3B2CB1719A8D52F0047830E /* Release */ = {
			isa = XCBuildConfiguration;
			buildSettings = {
				ALWAYS_SEARCH_USER_PATHS = NO;
				CLANG_CXX_LANGUAGE_STANDARD = "gnu++0x";
				CLANG_CXX_LIBRARY = "libc++";
				CLANG_ENABLE_MODULES = YES;
				CLANG_ENABLE_OBJC_ARC = YES;
				CLANG_WARN_BOOL_CONVERSION = YES;
				CLANG_WARN_CONSTANT_CONVERSION = YES;
				CLANG_WARN_DIRECT_OBJC_ISA_USAGE = YES_ERROR;
				CLANG_WARN_EMPTY_BODY = YES;
				CLANG_WARN_ENUM_CONVERSION = YES;
				CLANG_WARN_INT_CONVERSION = YES;
				CLANG_WARN_OBJC_ROOT_CLASS = YES_ERROR;
				CLANG_WARN_UNREACHABLE_CODE = YES;
				CLANG_WARN__DUPLICATE_METHOD_MATCH = YES;
				COPY_PHASE_STRIP = YES;
				DEBUG_INFORMATION_FORMAT = "dwarf-with-dsym";
				ENABLE_NS_ASSERTIONS = NO;
				ENABLE_STRICT_OBJC_MSGSEND = YES;
				GCC_C_LANGUAGE_STANDARD = gnu99;
				GCC_WARN_64_TO_32_BIT_CONVERSION = YES;
				GCC_WARN_ABOUT_RETURN_TYPE = YES_ERROR;
				GCC_WARN_UNDECLARED_SELECTOR = YES;
				GCC_WARN_UNINITIALIZED_AUTOS = YES_AGGRESSIVE;
				GCC_WARN_UNUSED_FUNCTION = YES;
				GCC_WARN_UNUSED_VARIABLE = YES;
				MACOSX_DEPLOYMENT_TARGET = 10.10;
				MTL_ENABLE_DEBUG_INFO = NO;
				SDKROOT = macosx;
				VALID_ARCHS = x86_64;
			};
			name = Release;
		};
/* End XCBuildConfiguration section */

/* Begin XCConfigurationList section */
		F3B23A1A19AE75FB0064E08F /* Build configuration list for PBXNativeTarget "NordicOS" */ = {
			isa = XCConfigurationList;
			buildConfigurations = (
				F3B23A1B19AE75FB0064E08F /* Debug */,
				F3B23A1C19AE75FB0064E08F /* Release */,
			);
			defaultConfigurationIsVisible = 0;
			defaultConfigurationName = Release;
		};
		F3B2CB0F19A8D52F0047830E /* Build configuration list for PBXProject "NordicOS" */ = {
			isa = XCConfigurationList;
			buildConfigurations = (
				F3B2CB1619A8D52F0047830E /* Debug */,
				F3B2CB1719A8D52F0047830E /* Release */,
			);
			defaultConfigurationIsVisible = 0;
			defaultConfigurationName = Release;
		};
/* End XCConfigurationList section */
	};
	rootObject = F3B2CB0C19A8D52F0047830E /* Project object */;
}
